
Microsoft Visual Studio Solution File, Format Version 12.00
# Visual Studio Version 17
VisualStudioVersion = 17.11.35312.102
MinimumVisualStudioVersion = 10.0.40219.1
Project("{FAE04EC0-301F-11D3-BF4B-00C04F79EFBC}") = "stuinfo", "stuinfo\stuinfo.csproj", "{015EB1EC-AA7F-4D4A-BDFE-A823CE536BFB}"
EndProject
Global
	GlobalSection(SolutionConfigurationPlatforms) = preSolution
		Debug|Any CPU = Debug|Any CPU
		Release|Any CPU = Release|Any CPU
	EndGlobalSection
	GlobalSection(ProjectConfigurationPlatforms) = postSolution
		{015EB1EC-AA7F-4D4A-BDFE-A823CE536BFB}.Debug|Any CPU.ActiveCfg = Debug|Any CPU
		{015EB1EC-AA7F-4D4A-BDFE-A823CE536BFB}.Debug|Any CPU.Build.0 = Debug|Any CPU
		{015EB1EC-AA7F-4D4A-BDFE-A823CE536BFB}.Release|Any CPU.ActiveCfg = Release|Any CPU
		{015EB1EC-AA7F-4D4A-BDFE-A823CE536BFB}.Release|Any CPU.Build.0 = Release|Any CPU
	EndGlobalSection
	GlobalSection(SolutionProperties) = preSolution
		HideSolutionNode = FALSE
	EndGlobalSection
	GlobalSection(ExtensibilityGlobals) = postSolution
		SolutionGuid = {92D21E13-5435-41FE-830E-11A134BC178E}
	EndGlobalSection
EndGlobal
